// !$*UTF8*$!
{
	archiveVersion = 1;
	classes = {
	};
	objectVersion = 46;
	objects = {

/* Begin PBXBuildFile section */
		9A2E944218AE762B0097A0F5 /* Foundation.framework in Frameworks */ = {isa = PBXBuildFile; fileRef = 9A2E944118AE762B0097A0F5 /* Foundation.framework */; };
		9A2E944418AE762B0097A0F5 /* CoreGraphics.framework in Frameworks */ = {isa = PBXBuildFile; fileRef = 9A2E944318AE762B0097A0F5 /* CoreGraphics.framework */; };
		9A2E944618AE762B0097A0F5 /* UIKit.framework in Frameworks */ = {isa = PBXBuildFile; fileRef = 9A2E944518AE762B0097A0F5 /* UIKit.framework */; };
		9A2E944C18AE762B0097A0F5 /* InfoPlist.strings in Resources */ = {isa = PBXBuildFile; fileRef = 9A2E944A18AE762B0097A0F5 /* InfoPlist.strings */; };
		9A2E944E18AE762B0097A0F5 /* main.m in Sources */ = {isa = PBXBuildFile; fileRef = 9A2E944D18AE762B0097A0F5 /* main.m */; };
		9A2E945218AE762B0097A0F5 /* SCTAppDelegate.m in Sources */ = {isa = PBXBuildFile; fileRef = 9A2E945118AE762B0097A0F5 /* SCTAppDelegate.m */; };
		9A2E945518AE762B0097A0F5 /* Main_iPhone.storyboard in Resources */ = {isa = PBXBuildFile; fileRef = 9A2E945318AE762B0097A0F5 /* Main_iPhone.storyboard */; };
		9A2E945818AE762B0097A0F5 /* Main_iPad.storyboard in Resources */ = {isa = PBXBuildFile; fileRef = 9A2E945618AE762B0097A0F5 /* Main_iPad.storyboard */; };
		9A2E945B18AE762B0097A0F5 /* SCTViewController.m in Sources */ = {isa = PBXBuildFile; fileRef = 9A2E945A18AE762B0097A0F5 /* SCTViewController.m */; };
		9A2E945D18AE762B0097A0F5 /* Images.xcassets in Resources */ = {isa = PBXBuildFile; fileRef = 9A2E945C18AE762B0097A0F5 /* Images.xcassets */; };
		9A2E946418AE762B0097A0F5 /* XCTest.framework in Frameworks */ = {isa = PBXBuildFile; fileRef = 9A2E946318AE762B0097A0F5 /* XCTest.framework */; };
		9A2E946518AE762B0097A0F5 /* Foundation.framework in Frameworks */ = {isa = PBXBuildFile; fileRef = 9A2E944118AE762B0097A0F5 /* Foundation.framework */; };
		9A2E946618AE762B0097A0F5 /* UIKit.framework in Frameworks */ = {isa = PBXBuildFile; fileRef = 9A2E944518AE762B0097A0F5 /* UIKit.framework */; };
		9A2E946E18AE762B0097A0F5 /* InfoPlist.strings in Resources */ = {isa = PBXBuildFile; fileRef = 9A2E946C18AE762B0097A0F5 /* InfoPlist.strings */; };
		9A2E947018AE762B0097A0F5 /* ScrapTalkTests.m in Sources */ = {isa = PBXBuildFile; fileRef = 9A2E946F18AE762B0097A0F5 /* ScrapTalkTests.m */; };
		9A2E947A18AE78460097A0F5 /* sample1.jpg in Resources */ = {isa = PBXBuildFile; fileRef = 9A2E947918AE78460097A0F5 /* sample1.jpg */; };
		9A2E947C18AE78890097A0F5 /* sample2.jpg in Resources */ = {isa = PBXBuildFile; fileRef = 9A2E947B18AE78890097A0F5 /* sample2.jpg */; };
		9A2E947E18AE789C0097A0F5 /* sample3.jpg in Resources */ = {isa = PBXBuildFile; fileRef = 9A2E947D18AE789C0097A0F5 /* sample3.jpg */; };
		9A2E948018AE78A30097A0F5 /* sample4.jpg in Resources */ = {isa = PBXBuildFile; fileRef = 9A2E947F18AE78A30097A0F5 /* sample4.jpg */; };
		9A2E948318AE7C760097A0F5 /* SCTRoomViewController.m in Sources */ = {isa = PBXBuildFile; fileRef = 9A2E948218AE7C760097A0F5 /* SCTRoomViewController.m */; };
		9A2E948718AF15860097A0F5 /* UIView+move.m in Sources */ = {isa = PBXBuildFile; fileRef = 9A2E948618AF15860097A0F5 /* UIView+move.m */; };
		9A2E948D18AF41E60097A0F5 /* UIImage+Resize.m in Sources */ = {isa = PBXBuildFile; fileRef = 9A2E948C18AF41E60097A0F5 /* UIImage+Resize.m */; };
		9A2E948F18AF51350097A0F5 /* AVFoundation.framework in Frameworks */ = {isa = PBXBuildFile; fileRef = 9A2E948E18AF51350097A0F5 /* AVFoundation.framework */; };
		9A2E949218AF51680097A0F5 /* SCTPhotoManager.m in Sources */ = {isa = PBXBuildFile; fileRef = 9A2E949118AF51680097A0F5 /* SCTPhotoManager.m */; };
		9A2E949418AF599C0097A0F5 /* AssetsLibrary.framework in Frameworks */ = {isa = PBXBuildFile; fileRef = 9A2E949318AF599C0097A0F5 /* AssetsLibrary.framework */; };
		9A912B8A18AFA6B900F29AE2 /* SCTPhotoItem.m in Sources */ = {isa = PBXBuildFile; fileRef = 9A912B8918AFA6B900F29AE2 /* SCTPhotoItem.m */; };
		9A912B8D18AFC94800F29AE2 /* NSDate+Addtion.m in Sources */ = {isa = PBXBuildFile; fileRef = 9A912B8C18AFC94800F29AE2 /* NSDate+Addtion.m */; };
		9A912B9418AFF4F300F29AE2 /* NSData+Resize.m in Sources */ = {isa = PBXBuildFile; fileRef = 9A912B9318AFF4F300F29AE2 /* NSData+Resize.m */; };
		E7AFDB03BE9B49CBB9ADA19C /* libPods-ScrapTalk.a in Frameworks */ = {isa = PBXBuildFile; fileRef = 68AA3E9A649A458590D478FC /* libPods-ScrapTalk.a */; };
/* End PBXBuildFile section */

/* Begin PBXContainerItemProxy section */
		9A2E946718AE762B0097A0F5 /* PBXContainerItemProxy */ = {
			isa = PBXContainerItemProxy;
			containerPortal = 9A2E943618AE762B0097A0F5 /* Project object */;
			proxyType = 1;
			remoteGlobalIDString = 9A2E943D18AE762B0097A0F5;
			remoteInfo = ScrapTalk;
		};
/* End PBXContainerItemProxy section */

/* Begin PBXFileReference section */
		5AC4DF36DAA44B41AA18D3E2 /* Pods-ScrapTalk.xcconfig */ = {isa = PBXFileReference; includeInIndex = 1; lastKnownFileType = text.xcconfig; name = "Pods-ScrapTalk.xcconfig"; path = "Pods/Pods-ScrapTalk.xcconfig"; sourceTree = "<group>"; };
		68AA3E9A649A458590D478FC /* libPods-ScrapTalk.a */ = {isa = PBXFileReference; explicitFileType = archive.ar; includeInIndex = 0; path = "libPods-ScrapTalk.a"; sourceTree = BUILT_PRODUCTS_DIR; };
		9A2E943E18AE762B0097A0F5 /* ScrapTalk.app */ = {isa = PBXFileReference; explicitFileType = wrapper.application; includeInIndex = 0; path = ScrapTalk.app; sourceTree = BUILT_PRODUCTS_DIR; };
		9A2E944118AE762B0097A0F5 /* Foundation.framework */ = {isa = PBXFileReference; lastKnownFileType = wrapper.framework; name = Foundation.framework; path = System/Library/Frameworks/Foundation.framework; sourceTree = SDKROOT; };
		9A2E944318AE762B0097A0F5 /* CoreGraphics.framework */ = {isa = PBXFileReference; lastKnownFileType = wrapper.framework; name = CoreGraphics.framework; path = System/Library/Frameworks/CoreGraphics.framework; sourceTree = SDKROOT; };
		9A2E944518AE762B0097A0F5 /* UIKit.framework */ = {isa = PBXFileReference; lastKnownFileType = wrapper.framework; name = UIKit.framework; path = System/Library/Frameworks/UIKit.framework; sourceTree = SDKROOT; };
		9A2E944918AE762B0097A0F5 /* ScrapTalk-Info.plist */ = {isa = PBXFileReference; lastKnownFileType = text.plist.xml; path = "ScrapTalk-Info.plist"; sourceTree = "<group>"; };
		9A2E944B18AE762B0097A0F5 /* en */ = {isa = PBXFileReference; lastKnownFileType = text.plist.strings; name = en; path = en.lproj/InfoPlist.strings; sourceTree = "<group>"; };
		9A2E944D18AE762B0097A0F5 /* main.m */ = {isa = PBXFileReference; lastKnownFileType = sourcecode.c.objc; path = main.m; sourceTree = "<group>"; };
		9A2E944F18AE762B0097A0F5 /* ScrapTalk-Prefix.pch */ = {isa = PBXFileReference; lastKnownFileType = sourcecode.c.h; path = "ScrapTalk-Prefix.pch"; sourceTree = "<group>"; };
		9A2E945018AE762B0097A0F5 /* SCTAppDelegate.h */ = {isa = PBXFileReference; lastKnownFileType = sourcecode.c.h; path = SCTAppDelegate.h; sourceTree = "<group>"; };
		9A2E945118AE762B0097A0F5 /* SCTAppDelegate.m */ = {isa = PBXFileReference; lastKnownFileType = sourcecode.c.objc; path = SCTAppDelegate.m; sourceTree = "<group>"; };
		9A2E945418AE762B0097A0F5 /* Base */ = {isa = PBXFileReference; lastKnownFileType = file.storyboard; name = Base; path = Base.lproj/Main_iPhone.storyboard; sourceTree = "<group>"; };
		9A2E945718AE762B0097A0F5 /* Base */ = {isa = PBXFileReference; lastKnownFileType = file.storyboard; name = Base; path = Base.lproj/Main_iPad.storyboard; sourceTree = "<group>"; };
		9A2E945918AE762B0097A0F5 /* SCTViewController.h */ = {isa = PBXFileReference; lastKnownFileType = sourcecode.c.h; path = SCTViewController.h; sourceTree = "<group>"; };
		9A2E945A18AE762B0097A0F5 /* SCTViewController.m */ = {isa = PBXFileReference; lastKnownFileType = sourcecode.c.objc; path = SCTViewController.m; sourceTree = "<group>"; };
		9A2E945C18AE762B0097A0F5 /* Images.xcassets */ = {isa = PBXFileReference; lastKnownFileType = folder.assetcatalog; path = Images.xcassets; sourceTree = "<group>"; };
		9A2E946218AE762B0097A0F5 /* ScrapTalkTests.xctest */ = {isa = PBXFileReference; explicitFileType = wrapper.cfbundle; includeInIndex = 0; path = ScrapTalkTests.xctest; sourceTree = BUILT_PRODUCTS_DIR; };
		9A2E946318AE762B0097A0F5 /* XCTest.framework */ = {isa = PBXFileReference; lastKnownFileType = wrapper.framework; name = XCTest.framework; path = Library/Frameworks/XCTest.framework; sourceTree = DEVELOPER_DIR; };
		9A2E946B18AE762B0097A0F5 /* ScrapTalkTests-Info.plist */ = {isa = PBXFileReference; lastKnownFileType = text.plist.xml; path = "ScrapTalkTests-Info.plist"; sourceTree = "<group>"; };
		9A2E946D18AE762B0097A0F5 /* en */ = {isa = PBXFileReference; lastKnownFileType = text.plist.strings; name = en; path = en.lproj/InfoPlist.strings; sourceTree = "<group>"; };
		9A2E946F18AE762B0097A0F5 /* ScrapTalkTests.m */ = {isa = PBXFileReference; lastKnownFileType = sourcecode.c.objc; path = ScrapTalkTests.m; sourceTree = "<group>"; };
		9A2E947918AE78460097A0F5 /* sample1.jpg */ = {isa = PBXFileReference; lastKnownFileType = image.jpeg; path = sample1.jpg; sourceTree = "<group>"; };
		9A2E947B18AE78890097A0F5 /* sample2.jpg */ = {isa = PBXFileReference; lastKnownFileType = image.jpeg; path = sample2.jpg; sourceTree = "<group>"; };
		9A2E947D18AE789C0097A0F5 /* sample3.jpg */ = {isa = PBXFileReference; lastKnownFileType = image.jpeg; path = sample3.jpg; sourceTree = "<group>"; };
		9A2E947F18AE78A30097A0F5 /* sample4.jpg */ = {isa = PBXFileReference; lastKnownFileType = image.jpeg; path = sample4.jpg; sourceTree = "<group>"; };
		9A2E948118AE7C760097A0F5 /* SCTRoomViewController.h */ = {isa = PBXFileReference; fileEncoding = 4; lastKnownFileType = sourcecode.c.h; path = SCTRoomViewController.h; sourceTree = "<group>"; };
		9A2E948218AE7C760097A0F5 /* SCTRoomViewController.m */ = {isa = PBXFileReference; fileEncoding = 4; lastKnownFileType = sourcecode.c.objc; path = SCTRoomViewController.m; sourceTree = "<group>"; };
		9A2E948518AF15860097A0F5 /* UIView+move.h */ = {isa = PBXFileReference; fileEncoding = 4; lastKnownFileType = sourcecode.c.h; path = "UIView+move.h"; sourceTree = "<group>"; };
		9A2E948618AF15860097A0F5 /* UIView+move.m */ = {isa = PBXFileReference; fileEncoding = 4; lastKnownFileType = sourcecode.c.objc; path = "UIView+move.m"; sourceTree = "<group>"; };
		9A2E948B18AF41E60097A0F5 /* UIImage+Resize.h */ = {isa = PBXFileReference; fileEncoding = 4; lastKnownFileType = sourcecode.c.h; path = "UIImage+Resize.h"; sourceTree = "<group>"; };
		9A2E948C18AF41E60097A0F5 /* UIImage+Resize.m */ = {isa = PBXFileReference; fileEncoding = 4; lastKnownFileType = sourcecode.c.objc; path = "UIImage+Resize.m"; sourceTree = "<group>"; };
		9A2E948E18AF51350097A0F5 /* AVFoundation.framework */ = {isa = PBXFileReference; lastKnownFileType = wrapper.framework; name = AVFoundation.framework; path = System/Library/Frameworks/AVFoundation.framework; sourceTree = SDKROOT; };
		9A2E949018AF51680097A0F5 /* SCTPhotoManager.h */ = {isa = PBXFileReference; fileEncoding = 4; lastKnownFileType = sourcecode.c.h; path = SCTPhotoManager.h; sourceTree = "<group>"; };
		9A2E949118AF51680097A0F5 /* SCTPhotoManager.m */ = {isa = PBXFileReference; fileEncoding = 4; lastKnownFileType = sourcecode.c.objc; path = SCTPhotoManager.m; sourceTree = "<group>"; };
		9A2E949318AF599C0097A0F5 /* AssetsLibrary.framework */ = {isa = PBXFileReference; lastKnownFileType = wrapper.framework; name = AssetsLibrary.framework; path = System/Library/Frameworks/AssetsLibrary.framework; sourceTree = SDKROOT; };
		9A912B8818AFA6B900F29AE2 /* SCTPhotoItem.h */ = {isa = PBXFileReference; fileEncoding = 4; lastKnownFileType = sourcecode.c.h; path = SCTPhotoItem.h; sourceTree = "<group>"; };
		9A912B8918AFA6B900F29AE2 /* SCTPhotoItem.m */ = {isa = PBXFileReference; fileEncoding = 4; lastKnownFileType = sourcecode.c.objc; path = SCTPhotoItem.m; sourceTree = "<group>"; };
		9A912B8B18AFC94800F29AE2 /* NSDate+Addtion.h */ = {isa = PBXFileReference; fileEncoding = 4; lastKnownFileType = sourcecode.c.h; path = "NSDate+Addtion.h"; sourceTree = "<group>"; };
		9A912B8C18AFC94800F29AE2 /* NSDate+Addtion.m */ = {isa = PBXFileReference; fileEncoding = 4; lastKnownFileType = sourcecode.c.objc; path = "NSDate+Addtion.m"; sourceTree = "<group>"; };
		9A912B9218AFF4F300F29AE2 /* NSData+Resize.h */ = {isa = PBXFileReference; fileEncoding = 4; lastKnownFileType = sourcecode.c.h; path = "NSData+Resize.h"; sourceTree = "<group>"; };
		9A912B9318AFF4F300F29AE2 /* NSData+Resize.m */ = {isa = PBXFileReference; fileEncoding = 4; lastKnownFileType = sourcecode.c.objc; path = "NSData+Resize.m"; sourceTree = "<group>"; };
/* End PBXFileReference section */

/* Begin PBXFrameworksBuildPhase section */
		9A2E943B18AE762B0097A0F5 /* Frameworks */ = {
			isa = PBXFrameworksBuildPhase;
			buildActionMask = 2147483647;
			files = (
				9A2E949418AF599C0097A0F5 /* AssetsLibrary.framework in Frameworks */,
				9A2E948F18AF51350097A0F5 /* AVFoundation.framework in Frameworks */,
				9A2E944418AE762B0097A0F5 /* CoreGraphics.framework in Frameworks */,
				9A2E944618AE762B0097A0F5 /* UIKit.framework in Frameworks */,
				9A2E944218AE762B0097A0F5 /* Foundation.framework in Frameworks */,
				E7AFDB03BE9B49CBB9ADA19C /* libPods-ScrapTalk.a in Frameworks */,
			);
			runOnlyForDeploymentPostprocessing = 0;
		};
		9A2E945F18AE762B0097A0F5 /* Frameworks */ = {
			isa = PBXFrameworksBuildPhase;
			buildActionMask = 2147483647;
			files = (
				9A2E946418AE762B0097A0F5 /* XCTest.framework in Frameworks */,
				9A2E946618AE762B0097A0F5 /* UIKit.framework in Frameworks */,
				9A2E946518AE762B0097A0F5 /* Foundation.framework in Frameworks */,
			);
			runOnlyForDeploymentPostprocessing = 0;
		};
/* End PBXFrameworksBuildPhase section */

/* Begin PBXGroup section */
		9A2E943518AE762B0097A0F5 = {
			isa = PBXGroup;
			children = (
				9A2E944718AE762B0097A0F5 /* ScrapTalk */,
				9A2E946918AE762B0097A0F5 /* ScrapTalkTests */,
				9A2E944018AE762B0097A0F5 /* Frameworks */,
				9A2E943F18AE762B0097A0F5 /* Products */,
				5AC4DF36DAA44B41AA18D3E2 /* Pods-ScrapTalk.xcconfig */,
			);
			sourceTree = "<group>";
		};
		9A2E943F18AE762B0097A0F5 /* Products */ = {
			isa = PBXGroup;
			children = (
				9A2E943E18AE762B0097A0F5 /* ScrapTalk.app */,
				9A2E946218AE762B0097A0F5 /* ScrapTalkTests.xctest */,
			);
			name = Products;
			sourceTree = "<group>";
		};
		9A2E944018AE762B0097A0F5 /* Frameworks */ = {
			isa = PBXGroup;
			children = (
				9A2E949318AF599C0097A0F5 /* AssetsLibrary.framework */,
				9A2E948E18AF51350097A0F5 /* AVFoundation.framework */,
				9A2E944118AE762B0097A0F5 /* Foundation.framework */,
				9A2E944318AE762B0097A0F5 /* CoreGraphics.framework */,
				9A2E944518AE762B0097A0F5 /* UIKit.framework */,
				9A2E946318AE762B0097A0F5 /* XCTest.framework */,
				68AA3E9A649A458590D478FC /* libPods-ScrapTalk.a */,
			);
			name = Frameworks;
			sourceTree = "<group>";
		};
		9A2E944718AE762B0097A0F5 /* ScrapTalk */ = {
			isa = PBXGroup;
			children = (
				9A912B8E18AFF49D00F29AE2 /* Category */,
				9A2E945018AE762B0097A0F5 /* SCTAppDelegate.h */,
				9A2E945118AE762B0097A0F5 /* SCTAppDelegate.m */,
				9A2E945318AE762B0097A0F5 /* Main_iPhone.storyboard */,
				9A2E945618AE762B0097A0F5 /* Main_iPad.storyboard */,
				9A2E945918AE762B0097A0F5 /* SCTViewController.h */,
				9A2E945A18AE762B0097A0F5 /* SCTViewController.m */,
				9A2E948118AE7C760097A0F5 /* SCTRoomViewController.h */,
				9A2E948218AE7C760097A0F5 /* SCTRoomViewController.m */,
				9A2E948418AE7C820097A0F5 /* Assets */,
				9A2E944818AE762B0097A0F5 /* Supporting Files */,
				9A2E949018AF51680097A0F5 /* SCTPhotoManager.h */,
				9A2E949118AF51680097A0F5 /* SCTPhotoManager.m */,
				9A912B8818AFA6B900F29AE2 /* SCTPhotoItem.h */,
				9A912B8918AFA6B900F29AE2 /* SCTPhotoItem.m */,
			);
			path = ScrapTalk;
			sourceTree = "<group>";
		};
		9A2E944818AE762B0097A0F5 /* Supporting Files */ = {
			isa = PBXGroup;
			children = (
				9A2E944918AE762B0097A0F5 /* ScrapTalk-Info.plist */,
				9A2E944A18AE762B0097A0F5 /* InfoPlist.strings */,
				9A2E944D18AE762B0097A0F5 /* main.m */,
				9A2E944F18AE762B0097A0F5 /* ScrapTalk-Prefix.pch */,
			);
			name = "Supporting Files";
			sourceTree = "<group>";
		};
		9A2E946918AE762B0097A0F5 /* ScrapTalkTests */ = {
			isa = PBXGroup;
			children = (
				9A2E946F18AE762B0097A0F5 /* ScrapTalkTests.m */,
				9A2E946A18AE762B0097A0F5 /* Supporting Files */,
			);
			path = ScrapTalkTests;
			sourceTree = "<group>";
		};
		9A2E946A18AE762B0097A0F5 /* Supporting Files */ = {
			isa = PBXGroup;
			children = (
				9A2E946B18AE762B0097A0F5 /* ScrapTalkTests-Info.plist */,
				9A2E946C18AE762B0097A0F5 /* InfoPlist.strings */,
			);
			name = "Supporting Files";
			sourceTree = "<group>";
		};
		9A2E948418AE7C820097A0F5 /* Assets */ = {
			isa = PBXGroup;
			children = (
				9A2E947918AE78460097A0F5 /* sample1.jpg */,
				9A2E947B18AE78890097A0F5 /* sample2.jpg */,
				9A2E947D18AE789C0097A0F5 /* sample3.jpg */,
				9A2E947F18AE78A30097A0F5 /* sample4.jpg */,
				9A2E945C18AE762B0097A0F5 /* Images.xcassets */,
			);
			name = Assets;
			sourceTree = "<group>";
		};
		9A912B8E18AFF49D00F29AE2 /* Category */ = {
			isa = PBXGroup;
			children = (
				9A2E948518AF15860097A0F5 /* UIView+move.h */,
				9A2E948618AF15860097A0F5 /* UIView+move.m */,
				9A2E948B18AF41E60097A0F5 /* UIImage+Resize.h */,
				9A2E948C18AF41E60097A0F5 /* UIImage+Resize.m */,
				9A912B8B18AFC94800F29AE2 /* NSDate+Addtion.h */,
				9A912B8C18AFC94800F29AE2 /* NSDate+Addtion.m */,
				9A912B9218AFF4F300F29AE2 /* NSData+Resize.h */,
				9A912B9318AFF4F300F29AE2 /* NSData+Resize.m */,
			);
			name = Category;
			sourceTree = "<group>";
		};
/* End PBXGroup section */

/* Begin PBXNativeTarget section */
		9A2E943D18AE762B0097A0F5 /* ScrapTalk */ = {
			isa = PBXNativeTarget;
			buildConfigurationList = 9A2E947318AE762B0097A0F5 /* Build configuration list for PBXNativeTarget "ScrapTalk" */;
			buildPhases = (
				FB5FC7F2A4AB4A9C929B2728 /* Check Pods Manifest.lock */,
				9A2E943A18AE762B0097A0F5 /* Sources */,
				9A2E943B18AE762B0097A0F5 /* Frameworks */,
				9A2E943C18AE762B0097A0F5 /* Resources */,
				BD38622FABD343EB9177380E /* Copy Pods Resources */,
			);
			buildRules = (
			);
			dependencies = (
			);
			name = ScrapTalk;
			productName = ScrapTalk;
			productReference = 9A2E943E18AE762B0097A0F5 /* ScrapTalk.app */;
			productType = "com.apple.product-type.application";
		};
		9A2E946118AE762B0097A0F5 /* ScrapTalkTests */ = {
			isa = PBXNativeTarget;
			buildConfigurationList = 9A2E947618AE762B0097A0F5 /* Build configuration list for PBXNativeTarget "ScrapTalkTests" */;
			buildPhases = (
				9A2E945E18AE762B0097A0F5 /* Sources */,
				9A2E945F18AE762B0097A0F5 /* Frameworks */,
				9A2E946018AE762B0097A0F5 /* Resources */,
			);
			buildRules = (
			);
			dependencies = (
				9A2E946818AE762B0097A0F5 /* PBXTargetDependency */,
			);
			name = ScrapTalkTests;
			productName = ScrapTalkTests;
			productReference = 9A2E946218AE762B0097A0F5 /* ScrapTalkTests.xctest */;
			productType = "com.apple.product-type.bundle.unit-test";
		};
/* End PBXNativeTarget section */

/* Begin PBXProject section */
		9A2E943618AE762B0097A0F5 /* Project object */ = {
			isa = PBXProject;
			attributes = {
				CLASSPREFIX = SCT;
				LastUpgradeCheck = 0500;
				ORGANIZATIONNAME = yukatou;
				TargetAttributes = {
					9A2E946118AE762B0097A0F5 = {
						TestTargetID = 9A2E943D18AE762B0097A0F5;
					};
				};
			};
			buildConfigurationList = 9A2E943918AE762B0097A0F5 /* Build configuration list for PBXProject "ScrapTalk" */;
			compatibilityVersion = "Xcode 3.2";
			developmentRegion = English;
			hasScannedForEncodings = 0;
			knownRegions = (
				en,
				Base,
			);
			mainGroup = 9A2E943518AE762B0097A0F5;
			productRefGroup = 9A2E943F18AE762B0097A0F5 /* Products */;
			projectDirPath = "";
			projectRoot = "";
			targets = (
				9A2E943D18AE762B0097A0F5 /* ScrapTalk */,
				9A2E946118AE762B0097A0F5 /* ScrapTalkTests */,
			);
		};
/* End PBXProject section */

/* Begin PBXResourcesBuildPhase section */
		9A2E943C18AE762B0097A0F5 /* Resources */ = {
			isa = PBXResourcesBuildPhase;
			buildActionMask = 2147483647;
			files = (
				9A2E948018AE78A30097A0F5 /* sample4.jpg in Resources */,
				9A2E945818AE762B0097A0F5 /* Main_iPad.storyboard in Resources */,
				9A2E945D18AE762B0097A0F5 /* Images.xcassets in Resources */,
				9A2E947E18AE789C0097A0F5 /* sample3.jpg in Resources */,
				9A2E947C18AE78890097A0F5 /* sample2.jpg in Resources */,
				9A2E945518AE762B0097A0F5 /* Main_iPhone.storyboard in Resources */,
				9A2E947A18AE78460097A0F5 /* sample1.jpg in Resources */,
				9A2E944C18AE762B0097A0F5 /* InfoPlist.strings in Resources */,
			);
			runOnlyForDeploymentPostprocessing = 0;
		};
		9A2E946018AE762B0097A0F5 /* Resources */ = {
			isa = PBXResourcesBuildPhase;
			buildActionMask = 2147483647;
			files = (
				9A2E946E18AE762B0097A0F5 /* InfoPlist.strings in Resources */,
			);
			runOnlyForDeploymentPostprocessing = 0;
		};
/* End PBXResourcesBuildPhase section */

/* Begin PBXShellScriptBuildPhase section */
		BD38622FABD343EB9177380E /* Copy Pods Resources */ = {
			isa = PBXShellScriptBuildPhase;
			buildActionMask = 2147483647;
			files = (
			);
			inputPaths = (
			);
			name = "Copy Pods Resources";
			outputPaths = (
			);
			runOnlyForDeploymentPostprocessing = 0;
			shellPath = /bin/sh;
			shellScript = "\"${SRCROOT}/Pods/Pods-ScrapTalk-resources.sh\"\n";
			showEnvVarsInLog = 0;
		};
		FB5FC7F2A4AB4A9C929B2728 /* Check Pods Manifest.lock */ = {
			isa = PBXShellScriptBuildPhase;
			buildActionMask = 2147483647;
			files = (
			);
			inputPaths = (
			);
			name = "Check Pods Manifest.lock";
			outputPaths = (
			);
			runOnlyForDeploymentPostprocessing = 0;
			shellPath = /bin/sh;
			shellScript = "diff \"${PODS_ROOT}/../Podfile.lock\" \"${PODS_ROOT}/Manifest.lock\" > /dev/null\nif [[ $? != 0 ]] ; then\n    cat << EOM\nerror: The sandbox is not in sync with the Podfile.lock. Run 'pod install' or update your CocoaPods installation.\nEOM\n    exit 1\nfi\n";
			showEnvVarsInLog = 0;
		};
/* End PBXShellScriptBuildPhase section */

/* Begin PBXSourcesBuildPhase section */
		9A2E943A18AE762B0097A0F5 /* Sources */ = {
			isa = PBXSourcesBuildPhase;
			buildActionMask = 2147483647;
			files = (
				9A2E948318AE7C760097A0F5 /* SCTRoomViewController.m in Sources */,
				9A2E944E18AE762B0097A0F5 /* main.m in Sources */,
				9A2E945B18AE762B0097A0F5 /* SCTViewController.m in Sources */,
				9A912B8D18AFC94800F29AE2 /* NSDate+Addtion.m in Sources */,
				9A2E948718AF15860097A0F5 /* UIView+move.m in Sources */,
				9A912B8A18AFA6B900F29AE2 /* SCTPhotoItem.m in Sources */,
				9A2E949218AF51680097A0F5 /* SCTPhotoManager.m in Sources */,
				9A2E945218AE762B0097A0F5 /* SCTAppDelegate.m in Sources */,
				9A912B9418AFF4F300F29AE2 /* NSData+Resize.m in Sources */,
				9A2E948D18AF41E60097A0F5 /* UIImage+Resize.m in Sources */,
			);
			runOnlyForDeploymentPostprocessing = 0;
		};
		9A2E945E18AE762B0097A0F5 /* Sources */ = {
			isa = PBXSourcesBuildPhase;
			buildActionMask = 2147483647;
			files = (
				9A2E947018AE762B0097A0F5 /* ScrapTalkTests.m in Sources */,
			);
			runOnlyForDeploymentPostprocessing = 0;
		};
/* End PBXSourcesBuildPhase section */

/* Begin PBXTargetDependency section */
		9A2E946818AE762B0097A0F5 /* PBXTargetDependency */ = {
			isa = PBXTargetDependency;
			target = 9A2E943D18AE762B0097A0F5 /* ScrapTalk */;
			targetProxy = 9A2E946718AE762B0097A0F5 /* PBXContainerItemProxy */;
		};
/* End PBXTargetDependency section */

/* Begin PBXVariantGroup section */
		9A2E944A18AE762B0097A0F5 /* InfoPlist.strings */ = {
			isa = PBXVariantGroup;
			children = (
				9A2E944B18AE762B0097A0F5 /* en */,
			);
			name = InfoPlist.strings;
			sourceTree = "<group>";
		};
		9A2E945318AE762B0097A0F5 /* Main_iPhone.storyboard */ = {
			isa = PBXVariantGroup;
			children = (
				9A2E945418AE762B0097A0F5 /* Base */,
			);
			name = Main_iPhone.storyboard;
			sourceTree = "<group>";
		};
		9A2E945618AE762B0097A0F5 /* Main_iPad.storyboard */ = {
			isa = PBXVariantGroup;
			children = (
				9A2E945718AE762B0097A0F5 /* Base */,
			);
			name = Main_iPad.storyboard;
			sourceTree = "<group>";
		};
		9A2E946C18AE762B0097A0F5 /* InfoPlist.strings */ = {
			isa = PBXVariantGroup;
			children = (
				9A2E946D18AE762B0097A0F5 /* en */,
			);
			name = InfoPlist.strings;
			sourceTree = "<group>";
		};
/* End PBXVariantGroup section */

/* Begin XCBuildConfiguration section */
		9A2E947118AE762B0097A0F5 /* Debug */ = {
			isa = XCBuildConfiguration;
			buildSettings = {
				ALWAYS_SEARCH_USER_PATHS = NO;
				ARCHS = "$(ARCHS_STANDARD_INCLUDING_64_BIT)";
				CLANG_CXX_LANGUAGE_STANDARD = "gnu++0x";
				CLANG_CXX_LIBRARY = "libc++";
				CLANG_ENABLE_MODULES = YES;
				CLANG_ENABLE_OBJC_ARC = YES;
				CLANG_WARN_BOOL_CONVERSION = YES;
				CLANG_WARN_CONSTANT_CONVERSION = YES;
				CLANG_WARN_DIRECT_OBJC_ISA_USAGE = YES_ERROR;
				CLANG_WARN_EMPTY_BODY = YES;
				CLANG_WARN_ENUM_CONVERSION = YES;
				CLANG_WARN_INT_CONVERSION = YES;
				CLANG_WARN_OBJC_ROOT_CLASS = YES_ERROR;
				CLANG_WARN__DUPLICATE_METHOD_MATCH = YES;
				"CODE_SIGN_IDENTITY[sdk=iphoneos*]" = "iPhone Developer";
				COPY_PHASE_STRIP = NO;
				GCC_C_LANGUAGE_STANDARD = gnu99;
				GCC_DYNAMIC_NO_PIC = NO;
				GCC_OPTIMIZATION_LEVEL = 0;
				GCC_PREPROCESSOR_DEFINITIONS = (
					"DEBUG=1",
					"$(inherited)",
				);
				GCC_SYMBOLS_PRIVATE_EXTERN = NO;
				GCC_WARN_64_TO_32_BIT_CONVERSION = YES;
				GCC_WARN_ABOUT_RETURN_TYPE = YES_ERROR;
				GCC_WARN_UNDECLARED_SELECTOR = YES;
				GCC_WARN_UNINITIALIZED_AUTOS = YES;
				GCC_WARN_UNUSED_FUNCTION = YES;
				GCC_WARN_UNUSED_VARIABLE = YES;
				IPHONEOS_DEPLOYMENT_TARGET = 7.0;
				ONLY_ACTIVE_ARCH = YES;
				SDKROOT = iphoneos;
				TARGETED_DEVICE_FAMILY = "1,2";
			};
			name = Debug;
		};
		9A2E947218AE762B0097A0F5 /* Release */ = {
			isa = XCBuildConfiguration;
			buildSettings = {
				ALWAYS_SEARCH_USER_PATHS = NO;
				ARCHS = "$(ARCHS_STANDARD_INCLUDING_64_BIT)";
				CLANG_CXX_LANGUAGE_STANDARD = "gnu++0x";
				CLANG_CXX_LIBRARY = "libc++";
				CLANG_ENABLE_MODULES = YES;
				CLANG_ENABLE_OBJC_ARC = YES;
				CLANG_WARN_BOOL_CONVERSION = YES;
				CLANG_WARN_CONSTANT_CONVERSION = YES;
				CLANG_WARN_DIRECT_OBJC_ISA_USAGE = YES_ERROR;
				CLANG_WARN_EMPTY_BODY = YES;
				CLANG_WARN_ENUM_CONVERSION = YES;
				CLANG_WARN_INT_CONVERSION = YES;
				CLANG_WARN_OBJC_ROOT_CLASS = YES_ERROR;
				CLANG_WARN__DUPLICATE_METHOD_MATCH = YES;
				"CODE_SIGN_IDENTITY[sdk=iphoneos*]" = "iPhone Developer";
				COPY_PHASE_STRIP = YES;
				ENABLE_NS_ASSERTIONS = NO;
				GCC_C_LANGUAGE_STANDARD = gnu99;
				GCC_WARN_64_TO_32_BIT_CONVERSION = YES;
				GCC_WARN_ABOUT_RETURN_TYPE = YES_ERROR;
				GCC_WARN_UNDECLARED_SELECTOR = YES;
				GCC_WARN_UNINITIALIZED_AUTOS = YES;
				GCC_WARN_UNUSED_FUNCTION = YES;
				GCC_WARN_UNUSED_VARIABLE = YES;
				IPHONEOS_DEPLOYMENT_TARGET = 7.0;
				SDKROOT = iphoneos;
				TARGETED_DEVICE_FAMILY = "1,2";
				VALIDATE_PRODUCT = YES;
			};
			name = Release;
		};
		9A2E947418AE762B0097A0F5 /* Debug */ = {
			isa = XCBuildConfiguration;
			baseConfigurationReference = 5AC4DF36DAA44B41AA18D3E2 /* Pods-ScrapTalk.xcconfig */;
			buildSettings = {
				ASSETCATALOG_COMPILER_APPICON_NAME = AppIcon;
				ASSETCATALOG_COMPILER_LAUNCHIMAGE_NAME = LaunchImage;
				GCC_PRECOMPILE_PREFIX_HEADER = YES;
				GCC_PREFIX_HEADER = "ScrapTalk/ScrapTalk-Prefix.pch";
				INFOPLIST_FILE = "ScrapTalk/ScrapTalk-Info.plist";
				PRODUCT_NAME = "$(TARGET_NAME)";
				WRAPPER_EXTENSION = app;
			};
			name = Debug;
		};
		9A2E947518AE762B0097A0F5 /* Release */ = {
			isa = XCBuildConfiguration;
			baseConfigurationReference = 5AC4DF36DAA44B41AA18D3E2 /* Pods-ScrapTalk.xcconfig */;
			buildSettings = {
				ASSETCATALOG_COMPILER_APPICON_NAME = AppIcon;
				ASSETCATALOG_COMPILER_LAUNCHIMAGE_NAME = LaunchImage;
				GCC_PRECOMPILE_PREFIX_HEADER = YES;
				GCC_PREFIX_HEADER = "ScrapTalk/ScrapTalk-Prefix.pch";
				INFOPLIST_FILE = "ScrapTalk/ScrapTalk-Info.plist";
				PRODUCT_NAME = "$(TARGET_NAME)";
				WRAPPER_EXTENSION = app;
			};
			name = Release;
		};
		9A2E947718AE762B0097A0F5 /* Debug */ = {
			isa = XCBuildConfiguration;
			buildSettings = {
				ARCHS = "$(ARCHS_STANDARD_INCLUDING_64_BIT)";
				BUNDLE_LOADER = "$(BUILT_PRODUCTS_DIR)/ScrapTalk.app/ScrapTalk";
				FRAMEWORK_SEARCH_PATHS = (
					"$(SDKROOT)/Developer/Library/Frameworks",
					"$(inherited)",
					"$(DEVELOPER_FRAMEWORKS_DIR)",
				);
				GCC_PRECOMPILE_PREFIX_HEADER = YES;
				GCC_PREFIX_HEADER = "ScrapTalk/ScrapTalk-Prefix.pch";
				GCC_PREPROCESSOR_DEFINITIONS = (
					"DEBUG=1",
					"$(inherited)",
				);
				INFOPLIST_FILE = "ScrapTalkTests/ScrapTalkTests-Info.plist";
				PRODUCT_NAME = "$(TARGET_NAME)";
				TEST_HOST = "$(BUNDLE_LOADER)";
				WRAPPER_EXTENSION = xctest;
			};
			name = Debug;
		};
		9A2E947818AE762B0097A0F5 /* Release */ = {
			isa = XCBuildConfiguration;
			buildSettings = {
				ARCHS = "$(ARCHS_STANDARD_INCLUDING_64_BIT)";
				BUNDLE_LOADER = "$(BUILT_PRODUCTS_DIR)/ScrapTalk.app/ScrapTalk";
				FRAMEWORK_SEARCH_PATHS = (
					"$(SDKROOT)/Developer/Library/Frameworks",
					"$(inherited)",
					"$(DEVELOPER_FRAMEWORKS_DIR)",
				);
				GCC_PRECOMPILE_PREFIX_HEADER = YES;
				GCC_PREFIX_HEADER = "ScrapTalk/ScrapTalk-Prefix.pch";
				INFOPLIST_FILE = "ScrapTalkTests/ScrapTalkTests-Info.plist";
				PRODUCT_NAME = "$(TARGET_NAME)";
				TEST_HOST = "$(BUNDLE_LOADER)";
				WRAPPER_EXTENSION = xctest;
			};
			name = Release;
		};
/* End XCBuildConfiguration section */

/* Begin XCConfigurationList section */
		9A2E943918AE762B0097A0F5 /* Build configuration list for PBXProject "ScrapTalk" */ = {
			isa = XCConfigurationList;
			buildConfigurations = (
				9A2E947118AE762B0097A0F5 /* Debug */,
				9A2E947218AE762B0097A0F5 /* Release */,
			);
			defaultConfigurationIsVisible = 0;
			defaultConfigurationName = Release;
		};
		9A2E947318AE762B0097A0F5 /* Build configuration list for PBXNativeTarget "ScrapTalk" */ = {
			isa = XCConfigurationList;
			buildConfigurations = (
				9A2E947418AE762B0097A0F5 /* Debug */,
				9A2E947518AE762B0097A0F5 /* Release */,
			);
			defaultConfigurationIsVisible = 0;
			defaultConfigurationName = Release;
		};
		9A2E947618AE762B0097A0F5 /* Build configuration list for PBXNativeTarget "ScrapTalkTests" */ = {
			isa = XCConfigurationList;
			buildConfigurations = (
				9A2E947718AE762B0097A0F5 /* Debug */,
				9A2E947818AE762B0097A0F5 /* Release */,
			);
			defaultConfigurationIsVisible = 0;
			defaultConfigurationName = Release;
		};
/* End XCConfigurationList section */
	};
	rootObject = 9A2E943618AE762B0097A0F5 /* Project object */;
}
